
Microsoft Visual Studio Solution File, Format Version 12.00
# Visual Studio Version 16
VisualStudioVersion = 16.0.30204.135
MinimumVisualStudioVersion = 10.0.40219.1
Project("{FAE04EC0-301F-11D3-BF4B-00C04F79EFBC}") = "Modul 4", "Modul 4\Modul 4.csproj", "{FC4DB362-53CB-41CF-B0CE-1A0D5C3D0028}"
EndProject
Project("{FAE04EC0-301F-11D3-BF4B-00C04F79EFBC}") = "BusinessLayer", "BusinessLayer\BusinessLayer.csproj", "{20AC3FDC-B07F-417A-B66C-DDB2A2BE6718}"
EndProject
Project("{FAE04EC0-301F-11D3-BF4B-00C04F79EFBC}") = "DataAccessLayer", "DataAccessLayer\DataAccessLayer.csproj", "{BBBEAD9F-BA85-44B8-AC0E-7AC2A0EE81A2}"
EndProject
Global
	GlobalSection(SolutionConfigurationPlatforms) = preSolution
		Debug|Any CPU = Debug|Any CPU
		Release|Any CPU = Release|Any CPU
	EndGlobalSection
	GlobalSection(ProjectConfigurationPlatforms) = postSolution
		{FC4DB362-53CB-41CF-B0CE-1A0D5C3D0028}.Debug|Any CPU.ActiveCfg = Debug|Any CPU
		{FC4DB362-53CB-41CF-B0CE-1A0D5C3D0028}.Debug|Any CPU.Build.0 = Debug|Any CPU
		{FC4DB362-53CB-41CF-B0CE-1A0D5C3D0028}.Release|Any CPU.ActiveCfg = Release|Any CPU
		{FC4DB362-53CB-41CF-B0CE-1A0D5C3D0028}.Release|Any CPU.Build.0 = Release|Any CPU
		{20AC3FDC-B07F-417A-B66C-DDB2A2BE6718}.Debug|Any CPU.ActiveCfg = Debug|Any CPU
		{20AC3FDC-B07F-417A-B66C-DDB2A2BE6718}.Debug|Any CPU.Build.0 = Debug|Any CPU
		{20AC3FDC-B07F-417A-B66C-DDB2A2BE6718}.Release|Any CPU.ActiveCfg = Release|Any CPU
		{20AC3FDC-B07F-417A-B66C-DDB2A2BE6718}.Release|Any CPU.Build.0 = Release|Any CPU
		{BBBEAD9F-BA85-44B8-AC0E-7AC2A0EE81A2}.Debug|Any CPU.ActiveCfg = Debug|Any CPU
		{BBBEAD9F-BA85-44B8-AC0E-7AC2A0EE81A2}.Debug|Any CPU.Build.0 = Debug|Any CPU
		{BBBEAD9F-BA85-44B8-AC0E-7AC2A0EE81A2}.Release|Any CPU.ActiveCfg = Release|Any CPU
		{BBBEAD9F-BA85-44B8-AC0E-7AC2A0EE81A2}.Release|Any CPU.Build.0 = Release|Any CPU
	EndGlobalSection
	GlobalSection(SolutionProperties) = preSolution
		HideSolutionNode = FALSE
	EndGlobalSection
	GlobalSection(ExtensibilityGlobals) = postSolution
		SolutionGuid = {6DD0D63D-2A3C-4159-8972-3CA30FB07B06}
	EndGlobalSection
EndGlobal
